
Microsoft Visual Studio Solution File, Format Version 12.00
# Visual Studio Version 17
VisualStudioVersion = 17.0.31903.59
MinimumVisualStudioVersion = 10.0.40219.1
Project("{2150E333-8FDC-42A3-9474-1A3956D46DE8}") = "src", "src", "{2B1E7B90-E48B-4BB1-8EE8-F0C20A413A4C}"
EndProject
Project("{2150E333-8FDC-42A3-9474-1A3956D46DE8}") = "Shared", "Shared", "{052197DC-B35F-4386-B30A-BB6087769E40}"
EndProject
Project("{FAE04EC0-301F-11D3-BF4B-00C04F79EFBC}") = "EnterpriseLink.Shared.Domain", "src\Shared\EnterpriseLink.Shared.Domain\EnterpriseLink.Shared.Domain.csproj", "{B15BC29B-51F9-4FF7-B278-4503DE3B960C}"
EndProject
Project("{FAE04EC0-301F-11D3-BF4B-00C04F79EFBC}") = "EnterpriseLink.Shared.Contracts", "src\Shared\EnterpriseLink.Shared.Contracts\EnterpriseLink.Shared.Contracts.csproj", "{75C204A7-E67F-42BB-AC04-9B8A04E4B4CA}"
EndProject
Project("{FAE04EC0-301F-11D3-BF4B-00C04F79EFBC}") = "EnterpriseLink.Shared.Infrastructure", "src\Shared\EnterpriseLink.Shared.Infrastructure\EnterpriseLink.Shared.Infrastructure.csproj", "{0A908981-F1BD-42B9-AF39-252C166C58B5}"
EndProject
Project("{2150E333-8FDC-42A3-9474-1A3956D46DE8}") = "Gateway", "Gateway", "{6BFCCD2F-CF41-4362-8759-9FDA6B93C23B}"
EndProject
Project("{FAE04EC0-301F-11D3-BF4B-00C04F79EFBC}") = "EnterpriseLink.Gateway", "src\Gateway\EnterpriseLink.Gateway\EnterpriseLink.Gateway.csproj", "{13A203AD-6609-4B87-9948-B9AAF841BE07}"
EndProject
Project("{2150E333-8FDC-42A3-9474-1A3956D46DE8}") = "Services", "Services", "{6652B7D9-02AF-4EC5-996C-297CD9FF74C1}"
EndProject
Project("{FAE04EC0-301F-11D3-BF4B-00C04F79EFBC}") = "EnterpriseLink.Auth", "src\Services\EnterpriseLink.Auth\EnterpriseLink.Auth.csproj", "{9BA04C7C-9FA5-44EF-B805-A83FB2F16842}"
EndProject
Project("{FAE04EC0-301F-11D3-BF4B-00C04F79EFBC}") = "EnterpriseLink.Ingestion", "src\Services\EnterpriseLink.Ingestion\EnterpriseLink.Ingestion.csproj", "{C9ABADCF-A414-4D2E-A939-DA97750EEF2F}"
EndProject
Project("{FAE04EC0-301F-11D3-BF4B-00C04F79EFBC}") = "EnterpriseLink.Dashboard", "src\Services\EnterpriseLink.Dashboard\EnterpriseLink.Dashboard.csproj", "{395C1118-4ACE-4165-A68C-927450C08997}"
EndProject
Project("{FAE04EC0-301F-11D3-BF4B-00C04F79EFBC}") = "EnterpriseLink.Worker", "src\Services\EnterpriseLink.Worker\EnterpriseLink.Worker.csproj", "{E91E4005-5B2A-4A00-A211-46A9080994E5}"
EndProject
Project("{2150E333-8FDC-42A3-9474-1A3956D46DE8}") = "tests", "tests", "{99903446-8460-4897-B40B-3A80BC05CAB1}"
EndProject
Project("{FAE04EC0-301F-11D3-BF4B-00C04F79EFBC}") = "EnterpriseLink.Gateway.Tests", "tests\EnterpriseLink.Gateway.Tests\EnterpriseLink.Gateway.Tests.csproj", "{0F5ACF80-4AD1-466B-84BD-BB5962B36B5F}"
EndProject
Project("{FAE04EC0-301F-11D3-BF4B-00C04F79EFBC}") = "EnterpriseLink.Auth.Tests", "tests\EnterpriseLink.Auth.Tests\EnterpriseLink.Auth.Tests.csproj", "{BB6E5F3F-7FB8-4CE1-B38B-85D986E33868}"
EndProject
Project("{FAE04EC0-301F-11D3-BF4B-00C04F79EFBC}") = "EnterpriseLink.Ingestion.Tests", "tests\EnterpriseLink.Ingestion.Tests\EnterpriseLink.Ingestion.Tests.csproj", "{D69E3239-7447-469A-938F-C7045ABAB9AE}"
EndProject
Project("{FAE04EC0-301F-11D3-BF4B-00C04F79EFBC}") = "EnterpriseLink.Worker.Tests", "tests\EnterpriseLink.Worker.Tests\EnterpriseLink.Worker.Tests.csproj", "{11CD1B41-D1C6-4080-9576-779B9445CCAC}"
EndProject
Project("{FAE04EC0-301F-11D3-BF4B-00C04F79EFBC}") = "EnterpriseLink.Tenant", "src\Services\EnterpriseLink.Tenant\EnterpriseLink.Tenant.csproj", "{F6BA09C9-FFFE-4D4D-8127-BE5949C2C877}"
EndProject
Project("{FAE04EC0-301F-11D3-BF4B-00C04F79EFBC}") = "EnterpriseLink.Tenant.Tests", "tests\EnterpriseLink.Tenant.Tests\EnterpriseLink.Tenant.Tests.csproj", "{AB9C493C-5560-4805-95A5-0744F3F5D91A}"
EndProject
Project("{FAE04EC0-301F-11D3-BF4B-00C04F79EFBC}") = "EnterpriseLink.Worker.Benchmarks", "tests\EnterpriseLink.Worker.Benchmarks\EnterpriseLink.Worker.Benchmarks.csproj", "{2E91E9CA-DCB5-4D5E-8015-EB12D8CE30CB}"
EndProject
Project("{FAE04EC0-301F-11D3-BF4B-00C04F79EFBC}") = "EnterpriseLink.Dashboard.Tests", "tests\EnterpriseLink.Dashboard.Tests\EnterpriseLink.Dashboard.Tests.csproj", "{1171BC6E-0880-46FA-8669-A5AFA651ACD8}"
EndProject
Project("{FAE04EC0-301F-11D3-BF4B-00C04F79EFBC}") = "EnterpriseLink.Integration", "src\Services\EnterpriseLink.Integration\EnterpriseLink.Integration.csproj", "{A7B3C2D1-1234-4E56-89AB-CDEF01234567}"
EndProject
Project("{FAE04EC0-301F-11D3-BF4B-00C04F79EFBC}") = "EnterpriseLink.Integration.Tests", "tests\EnterpriseLink.Integration.Tests\EnterpriseLink.Integration.Tests.csproj", "{B8C4D3E2-2345-5F67-9ABC-DEF012345678}"
EndProject
Global
	GlobalSection(SolutionConfigurationPlatforms) = preSolution
		Debug|Any CPU = Debug|Any CPU
		Release|Any CPU = Release|Any CPU
	EndGlobalSection
	GlobalSection(SolutionProperties) = preSolution
		HideSolutionNode = FALSE
	EndGlobalSection
	GlobalSection(ProjectConfigurationPlatforms) = postSolution
		{B15BC29B-51F9-4FF7-B278-4503DE3B960C}.Debug|Any CPU.ActiveCfg = Debug|Any CPU
		{B15BC29B-51F9-4FF7-B278-4503DE3B960C}.Debug|Any CPU.Build.0 = Debug|Any CPU
		{B15BC29B-51F9-4FF7-B278-4503DE3B960C}.Release|Any CPU.ActiveCfg = Release|Any CPU
		{B15BC29B-51F9-4FF7-B278-4503DE3B960C}.Release|Any CPU.Build.0 = Release|Any CPU
		{75C204A7-E67F-42BB-AC04-9B8A04E4B4CA}.Debug|Any CPU.ActiveCfg = Debug|Any CPU
		{75C204A7-E67F-42BB-AC04-9B8A04E4B4CA}.Debug|Any CPU.Build.0 = Debug|Any CPU
		{75C204A7-E67F-42BB-AC04-9B8A04E4B4CA}.Release|Any CPU.ActiveCfg = Release|Any CPU
		{75C204A7-E67F-42BB-AC04-9B8A04E4B4CA}.Release|Any CPU.Build.0 = Release|Any CPU
		{0A908981-F1BD-42B9-AF39-252C166C58B5}.Debug|Any CPU.ActiveCfg = Debug|Any CPU
		{0A908981-F1BD-42B9-AF39-252C166C58B5}.Debug|Any CPU.Build.0 = Debug|Any CPU
		{0A908981-F1BD-42B9-AF39-252C166C58B5}.Release|Any CPU.ActiveCfg = Release|Any CPU
		{0A908981-F1BD-42B9-AF39-252C166C58B5}.Release|Any CPU.Build.0 = Release|Any CPU
		{13A203AD-6609-4B87-9948-B9AAF841BE07}.Debug|Any CPU.ActiveCfg = Debug|Any CPU
		{13A203AD-6609-4B87-9948-B9AAF841BE07}.Debug|Any CPU.Build.0 = Debug|Any CPU
		{13A203AD-6609-4B87-9948-B9AAF841BE07}.Release|Any CPU.ActiveCfg = Release|Any CPU
		{13A203AD-6609-4B87-9948-B9AAF841BE07}.Release|Any CPU.Build.0 = Release|Any CPU
		{9BA04C7C-9FA5-44EF-B805-A83FB2F16842}.Debug|Any CPU.ActiveCfg = Debug|Any CPU
		{9BA04C7C-9FA5-44EF-B805-A83FB2F16842}.Debug|Any CPU.Build.0 = Debug|Any CPU
		{9BA04C7C-9FA5-44EF-B805-A83FB2F16842}.Release|Any CPU.ActiveCfg = Release|Any CPU
		{9BA04C7C-9FA5-44EF-B805-A83FB2F16842}.Release|Any CPU.Build.0 = Release|Any CPU
		{C9ABADCF-A414-4D2E-A939-DA97750EEF2F}.Debug|Any CPU.ActiveCfg = Debug|Any CPU
		{C9ABADCF-A414-4D2E-A939-DA97750EEF2F}.Debug|Any CPU.Build.0 = Debug|Any CPU
		{C9ABADCF-A414-4D2E-A939-DA97750EEF2F}.Release|Any CPU.ActiveCfg = Release|Any CPU
		{C9ABADCF-A414-4D2E-A939-DA97750EEF2F}.Release|Any CPU.Build.0 = Release|Any CPU
		{395C1118-4ACE-4165-A68C-927450C08997}.Debug|Any CPU.ActiveCfg = Debug|Any CPU
		{395C1118-4ACE-4165-A68C-927450C08997}.Debug|Any CPU.Build.0 = Debug|Any CPU
		{395C1118-4ACE-4165-A68C-927450C08997}.Release|Any CPU.ActiveCfg = Release|Any CPU
		{395C1118-4ACE-4165-A68C-927450C08997}.Release|Any CPU.Build.0 = Release|Any CPU
		{E91E4005-5B2A-4A00-A211-46A9080994E5}.Debug|Any CPU.ActiveCfg = Debug|Any CPU
		{E91E4005-5B2A-4A00-A211-46A9080994E5}.Debug|Any CPU.Build.0 = Debug|Any CPU
		{E91E4005-5B2A-4A00-A211-46A9080994E5}.Release|Any CPU.ActiveCfg = Release|Any CPU
		{E91E4005-5B2A-4A00-A211-46A9080994E5}.Release|Any CPU.Build.0 = Release|Any CPU
		{0F5ACF80-4AD1-466B-84BD-BB5962B36B5F}.Debug|Any CPU.ActiveCfg = Debug|Any CPU
		{0F5ACF80-4AD1-466B-84BD-BB5962B36B5F}.Debug|Any CPU.Build.0 = Debug|Any CPU
		{0F5ACF80-4AD1-466B-84BD-BB5962B36B5F}.Release|Any CPU.ActiveCfg = Release|Any CPU
		{0F5ACF80-4AD1-466B-84BD-BB5962B36B5F}.Release|Any CPU.Build.0 = Release|Any CPU
		{BB6E5F3F-7FB8-4CE1-B38B-85D986E33868}.Debug|Any CPU.ActiveCfg = Debug|Any CPU
		{BB6E5F3F-7FB8-4CE1-B38B-85D986E33868}.Debug|Any CPU.Build.0 = Debug|Any CPU
		{BB6E5F3F-7FB8-4CE1-B38B-85D986E33868}.Release|Any CPU.ActiveCfg = Release|Any CPU
		{BB6E5F3F-7FB8-4CE1-B38B-85D986E33868}.Release|Any CPU.Build.0 = Release|Any CPU
		{D69E3239-7447-469A-938F-C7045ABAB9AE}.Debug|Any CPU.ActiveCfg = Debug|Any CPU
		{D69E3239-7447-469A-938F-C7045ABAB9AE}.Debug|Any CPU.Build.0 = Debug|Any CPU
		{D69E3239-7447-469A-938F-C7045ABAB9AE}.Release|Any CPU.ActiveCfg = Release|Any CPU
		{D69E3239-7447-469A-938F-C7045ABAB9AE}.Release|Any CPU.Build.0 = Release|Any CPU
		{11CD1B41-D1C6-4080-9576-779B9445CCAC}.Debug|Any CPU.ActiveCfg = Debug|Any CPU
		{11CD1B41-D1C6-4080-9576-779B9445CCAC}.Debug|Any CPU.Build.0 = Debug|Any CPU
		{11CD1B41-D1C6-4080-9576-779B9445CCAC}.Release|Any CPU.ActiveCfg = Release|Any CPU
		{11CD1B41-D1C6-4080-9576-779B9445CCAC}.Release|Any CPU.Build.0 = Release|Any CPU
		{F6BA09C9-FFFE-4D4D-8127-BE5949C2C877}.Debug|Any CPU.ActiveCfg = Debug|Any CPU
		{F6BA09C9-FFFE-4D4D-8127-BE5949C2C877}.Debug|Any CPU.Build.0 = Debug|Any CPU
		{F6BA09C9-FFFE-4D4D-8127-BE5949C2C877}.Release|Any CPU.ActiveCfg = Release|Any CPU
		{F6BA09C9-FFFE-4D4D-8127-BE5949C2C877}.Release|Any CPU.Build.0 = Release|Any CPU
		{AB9C493C-5560-4805-95A5-0744F3F5D91A}.Debug|Any CPU.ActiveCfg = Debug|Any CPU
		{AB9C493C-5560-4805-95A5-0744F3F5D91A}.Debug|Any CPU.Build.0 = Debug|Any CPU
		{AB9C493C-5560-4805-95A5-0744F3F5D91A}.Release|Any CPU.ActiveCfg = Release|Any CPU
		{AB9C493C-5560-4805-95A5-0744F3F5D91A}.Release|Any CPU.Build.0 = Release|Any CPU
		{2E91E9CA-DCB5-4D5E-8015-EB12D8CE30CB}.Debug|Any CPU.ActiveCfg = Debug|Any CPU
		{2E91E9CA-DCB5-4D5E-8015-EB12D8CE30CB}.Debug|Any CPU.Build.0 = Debug|Any CPU
		{2E91E9CA-DCB5-4D5E-8015-EB12D8CE30CB}.Release|Any CPU.ActiveCfg = Release|Any CPU
		{2E91E9CA-DCB5-4D5E-8015-EB12D8CE30CB}.Release|Any CPU.Build.0 = Release|Any CPU
		{1171BC6E-0880-46FA-8669-A5AFA651ACD8}.Debug|Any CPU.ActiveCfg = Debug|Any CPU
		{1171BC6E-0880-46FA-8669-A5AFA651ACD8}.Debug|Any CPU.Build.0 = Debug|Any CPU
		{1171BC6E-0880-46FA-8669-A5AFA651ACD8}.Release|Any CPU.ActiveCfg = Release|Any CPU
		{1171BC6E-0880-46FA-8669-A5AFA651ACD8}.Release|Any CPU.Build.0 = Release|Any CPU
		{A7B3C2D1-1234-4E56-89AB-CDEF01234567}.Debug|Any CPU.ActiveCfg = Debug|Any CPU
		{A7B3C2D1-1234-4E56-89AB-CDEF01234567}.Debug|Any CPU.Build.0 = Debug|Any CPU
		{A7B3C2D1-1234-4E56-89AB-CDEF01234567}.Release|Any CPU.ActiveCfg = Release|Any CPU
		{A7B3C2D1-1234-4E56-89AB-CDEF01234567}.Release|Any CPU.Build.0 = Release|Any CPU
		{B8C4D3E2-2345-5F67-9ABC-DEF012345678}.Debug|Any CPU.ActiveCfg = Debug|Any CPU
		{B8C4D3E2-2345-5F67-9ABC-DEF012345678}.Debug|Any CPU.Build.0 = Debug|Any CPU
		{B8C4D3E2-2345-5F67-9ABC-DEF012345678}.Release|Any CPU.ActiveCfg = Release|Any CPU
		{B8C4D3E2-2345-5F67-9ABC-DEF012345678}.Release|Any CPU.Build.0 = Release|Any CPU
	EndGlobalSection
	GlobalSection(NestedProjects) = preSolution
		{052197DC-B35F-4386-B30A-BB6087769E40} = {2B1E7B90-E48B-4BB1-8EE8-F0C20A413A4C}
		{B15BC29B-51F9-4FF7-B278-4503DE3B960C} = {052197DC-B35F-4386-B30A-BB6087769E40}
		{75C204A7-E67F-42BB-AC04-9B8A04E4B4CA} = {052197DC-B35F-4386-B30A-BB6087769E40}
		{0A908981-F1BD-42B9-AF39-252C166C58B5} = {052197DC-B35F-4386-B30A-BB6087769E40}
		{6BFCCD2F-CF41-4362-8759-9FDA6B93C23B} = {2B1E7B90-E48B-4BB1-8EE8-F0C20A413A4C}
		{13A203AD-6609-4B87-9948-B9AAF841BE07} = {6BFCCD2F-CF41-4362-8759-9FDA6B93C23B}
		{6652B7D9-02AF-4EC5-996C-297CD9FF74C1} = {2B1E7B90-E48B-4BB1-8EE8-F0C20A413A4C}
		{9BA04C7C-9FA5-44EF-B805-A83FB2F16842} = {6652B7D9-02AF-4EC5-996C-297CD9FF74C1}
		{C9ABADCF-A414-4D2E-A939-DA97750EEF2F} = {6652B7D9-02AF-4EC5-996C-297CD9FF74C1}
		{395C1118-4ACE-4165-A68C-927450C08997} = {6652B7D9-02AF-4EC5-996C-297CD9FF74C1}
		{E91E4005-5B2A-4A00-A211-46A9080994E5} = {6652B7D9-02AF-4EC5-996C-297CD9FF74C1}
		{0F5ACF80-4AD1-466B-84BD-BB5962B36B5F} = {99903446-8460-4897-B40B-3A80BC05CAB1}
		{BB6E5F3F-7FB8-4CE1-B38B-85D986E33868} = {99903446-8460-4897-B40B-3A80BC05CAB1}
		{D69E3239-7447-469A-938F-C7045ABAB9AE} = {99903446-8460-4897-B40B-3A80BC05CAB1}
		{11CD1B41-D1C6-4080-9576-779B9445CCAC} = {99903446-8460-4897-B40B-3A80BC05CAB1}
		{F6BA09C9-FFFE-4D4D-8127-BE5949C2C877} = {6652B7D9-02AF-4EC5-996C-297CD9FF74C1}
		{AB9C493C-5560-4805-95A5-0744F3F5D91A} = {99903446-8460-4897-B40B-3A80BC05CAB1}
		{2E91E9CA-DCB5-4D5E-8015-EB12D8CE30CB} = {99903446-8460-4897-B40B-3A80BC05CAB1}
		{1171BC6E-0880-46FA-8669-A5AFA651ACD8} = {99903446-8460-4897-B40B-3A80BC05CAB1}
		{A7B3C2D1-1234-4E56-89AB-CDEF01234567} = {6652B7D9-02AF-4EC5-996C-297CD9FF74C1}
		{B8C4D3E2-2345-5F67-9ABC-DEF012345678} = {99903446-8460-4897-B40B-3A80BC05CAB1}
	EndGlobalSection
EndGlobal
